
Microsoft Visual Studio Solution File, Format Version 12.00
# Visual Studio Version 17
VisualStudioVersion = 17.13.35828.75 d17.13
MinimumVisualStudioVersion = 10.0.40219.1
Project("{8BC9CEB8-8B4A-11D0-8D11-00A0C91BC942}") = "Test_mid", "Test_mid\Test_mid.vcxproj", "{BA134705-3828-4A5B-92C9-A879E73C6FCD}"
EndProject
Project("{8BC9CEB8-8B4A-11D0-8D11-00A0C91BC942}") = "T01", "T01\T01.vcxproj", "{F6AF2EBC-30CD-4A65-B05F-7285826D2707}"
EndProject
Project("{8BC9CEB8-8B4A-11D0-8D11-00A0C91BC942}") = "T02", "T02\T02.vcxproj", "{25E9C2F0-C54F-40A2-A0A7-31D0336245CD}"
EndProject
Project("{8BC9CEB8-8B4A-11D0-8D11-00A0C91BC942}") = "T03", "T03\T03.vcxproj", "{9974EFFD-C3DF-47FE-87DD-90BA5C51848B}"
EndProject
Project("{8BC9CEB8-8B4A-11D0-8D11-00A0C91BC942}") = "T04", "T04\T04.vcxproj", "{DD34F0C5-1CE8-4765-893C-77F00194F905}"
EndProject
Project("{8BC9CEB8-8B4A-11D0-8D11-00A0C91BC942}") = "T05", "T05\T05.vcxproj", "{B21867CD-5EB0-48E4-B456-BC36FBD89D4A}"
EndProject
Project("{8BC9CEB8-8B4A-11D0-8D11-00A0C91BC942}") = "T06", "T06\T06.vcxproj", "{C57083CD-F98F-4150-B7AC-439BBA76BEFF}"
EndProject
Project("{8BC9CEB8-8B4A-11D0-8D11-00A0C91BC942}") = "T07", "T07\T07.vcxproj", "{0BA80EC4-81F5-47B6-8DC3-E99FD013C58F}"
EndProject
Global
	GlobalSection(SolutionConfigurationPlatforms) = preSolution
		Debug|x64 = Debug|x64
		Debug|x86 = Debug|x86
		Release|x64 = Release|x64
		Release|x86 = Release|x86
	EndGlobalSection
	GlobalSection(ProjectConfigurationPlatforms) = postSolution
		{BA134705-3828-4A5B-92C9-A879E73C6FCD}.Debug|x64.ActiveCfg = Debug|x64
		{BA134705-3828-4A5B-92C9-A879E73C6FCD}.Debug|x64.Build.0 = Debug|x64
		{BA134705-3828-4A5B-92C9-A879E73C6FCD}.Debug|x86.ActiveCfg = Debug|Win32
		{BA134705-3828-4A5B-92C9-A879E73C6FCD}.Debug|x86.Build.0 = Debug|Win32
		{BA134705-3828-4A5B-92C9-A879E73C6FCD}.Release|x64.ActiveCfg = Release|x64
		{BA134705-3828-4A5B-92C9-A879E73C6FCD}.Release|x64.Build.0 = Release|x64
		{BA134705-3828-4A5B-92C9-A879E73C6FCD}.Release|x86.ActiveCfg = Release|Win32
		{BA134705-3828-4A5B-92C9-A879E73C6FCD}.Release|x86.Build.0 = Release|Win32
		{F6AF2EBC-30CD-4A65-B05F-7285826D2707}.Debug|x64.ActiveCfg = Debug|x64
		{F6AF2EBC-30CD-4A65-B05F-7285826D2707}.Debug|x64.Build.0 = Debug|x64
		{F6AF2EBC-30CD-4A65-B05F-7285826D2707}.Debug|x86.ActiveCfg = Debug|Win32
		{F6AF2EBC-30CD-4A65-B05F-7285826D2707}.Debug|x86.Build.0 = Debug|Win32
		{F6AF2EBC-30CD-4A65-B05F-7285826D2707}.Release|x64.ActiveCfg = Release|x64
		{F6AF2EBC-30CD-4A65-B05F-7285826D2707}.Release|x64.Build.0 = Release|x64
		{F6AF2EBC-30CD-4A65-B05F-7285826D2707}.Release|x86.ActiveCfg = Release|Win32
		{F6AF2EBC-30CD-4A65-B05F-7285826D2707}.Release|x86.Build.0 = Release|Win32
		{25E9C2F0-C54F-40A2-A0A7-31D0336245CD}.Debug|x64.ActiveCfg = Debug|x64
		{25E9C2F0-C54F-40A2-A0A7-31D0336245CD}.Debug|x64.Build.0 = Debug|x64
		{25E9C2F0-C54F-40A2-A0A7-31D0336245CD}.Debug|x86.ActiveCfg = Debug|Win32
		{25E9C2F0-C54F-40A2-A0A7-31D0336245CD}.Debug|x86.Build.0 = Debug|Win32
		{25E9C2F0-C54F-40A2-A0A7-31D0336245CD}.Release|x64.ActiveCfg = Release|x64
		{25E9C2F0-C54F-40A2-A0A7-31D0336245CD}.Release|x64.Build.0 = Release|x64
		{25E9C2F0-C54F-40A2-A0A7-31D0336245CD}.Release|x86.ActiveCfg = Release|Win32
		{25E9C2F0-C54F-40A2-A0A7-31D0336245CD}.Release|x86.Build.0 = Release|Win32
		{9974EFFD-C3DF-47FE-87DD-90BA5C51848B}.Debug|x64.ActiveCfg = Debug|x64
		{9974EFFD-C3DF-47FE-87DD-90BA5C51848B}.Debug|x64.Build.0 = Debug|x64
		{9974EFFD-C3DF-47FE-87DD-90BA5C51848B}.Debug|x86.ActiveCfg = Debug|Win32
		{9974EFFD-C3DF-47FE-87DD-90BA5C51848B}.Debug|x86.Build.0 = Debug|Win32
		{9974EFFD-C3DF-47FE-87DD-90BA5C51848B}.Release|x64.ActiveCfg = Release|x64
		{9974EFFD-C3DF-47FE-87DD-90BA5C51848B}.Release|x64.Build.0 = Release|x64
		{9974EFFD-C3DF-47FE-87DD-90BA5C51848B}.Release|x86.ActiveCfg = Release|Win32
		{9974EFFD-C3DF-47FE-87DD-90BA5C51848B}.Release|x86.Build.0 = Release|Win32
		{DD34F0C5-1CE8-4765-893C-77F00194F905}.Debug|x64.ActiveCfg = Debug|x64
		{DD34F0C5-1CE8-4765-893C-77F00194F905}.Debug|x64.Build.0 = Debug|x64
		{DD34F0C5-1CE8-4765-893C-77F00194F905}.Debug|x86.ActiveCfg = Debug|Win32
		{DD34F0C5-1CE8-4765-893C-77F00194F905}.Debug|x86.Build.0 = Debug|Win32
		{DD34F0C5-1CE8-4765-893C-77F00194F905}.Release|x64.ActiveCfg = Release|x64
		{DD34F0C5-1CE8-4765-893C-77F00194F905}.Release|x64.Build.0 = Release|x64
		{DD34F0C5-1CE8-4765-893C-77F00194F905}.Release|x86.ActiveCfg = Release|Win32
		{DD34F0C5-1CE8-4765-893C-77F00194F905}.Release|x86.Build.0 = Release|Win32
		{B21867CD-5EB0-48E4-B456-BC36FBD89D4A}.Debug|x64.ActiveCfg = Debug|x64
		{B21867CD-5EB0-48E4-B456-BC36FBD89D4A}.Debug|x64.Build.0 = Debug|x64
		{B21867CD-5EB0-48E4-B456-BC36FBD89D4A}.Debug|x86.ActiveCfg = Debug|Win32
		{B21867CD-5EB0-48E4-B456-BC36FBD89D4A}.Debug|x86.Build.0 = Debug|Win32
		{B21867CD-5EB0-48E4-B456-BC36FBD89D4A}.Release|x64.ActiveCfg = Release|x64
		{B21867CD-5EB0-48E4-B456-BC36FBD89D4A}.Release|x64.Build.0 = Release|x64
		{B21867CD-5EB0-48E4-B456-BC36FBD89D4A}.Release|x86.ActiveCfg = Release|Win32
		{B21867CD-5EB0-48E4-B456-BC36FBD89D4A}.Release|x86.Build.0 = Release|Win32
		{C57083CD-F98F-4150-B7AC-439BBA76BEFF}.Debug|x64.ActiveCfg = Debug|x64
		{C57083CD-F98F-4150-B7AC-439BBA76BEFF}.Debug|x64.Build.0 = Debug|x64
		{C57083CD-F98F-4150-B7AC-439BBA76BEFF}.Debug|x86.ActiveCfg = Debug|Win32
		{C57083CD-F98F-4150-B7AC-439BBA76BEFF}.Debug|x86.Build.0 = Debug|Win32
		{C57083CD-F98F-4150-B7AC-439BBA76BEFF}.Release|x64.ActiveCfg = Release|x64
		{C57083CD-F98F-4150-B7AC-439BBA76BEFF}.Release|x64.Build.0 = Release|x64
		{C57083CD-F98F-4150-B7AC-439BBA76BEFF}.Release|x86.ActiveCfg = Release|Win32
		{C57083CD-F98F-4150-B7AC-439BBA76BEFF}.Release|x86.Build.0 = Release|Win32
		{0BA80EC4-81F5-47B6-8DC3-E99FD013C58F}.Debug|x64.ActiveCfg = Debug|x64
		{0BA80EC4-81F5-47B6-8DC3-E99FD013C58F}.Debug|x64.Build.0 = Debug|x64
		{0BA80EC4-81F5-47B6-8DC3-E99FD013C58F}.Debug|x86.ActiveCfg = Debug|Win32
		{0BA80EC4-81F5-47B6-8DC3-E99FD013C58F}.Debug|x86.Build.0 = Debug|Win32
		{0BA80EC4-81F5-47B6-8DC3-E99FD013C58F}.Release|x64.ActiveCfg = Release|x64
		{0BA80EC4-81F5-47B6-8DC3-E99FD013C58F}.Release|x64.Build.0 = Release|x64
		{0BA80EC4-81F5-47B6-8DC3-E99FD013C58F}.Release|x86.ActiveCfg = Release|Win32
		{0BA80EC4-81F5-47B6-8DC3-E99FD013C58F}.Release|x86.Build.0 = Release|Win32
	EndGlobalSection
	GlobalSection(SolutionProperties) = preSolution
		HideSolutionNode = FALSE
	EndGlobalSection
	GlobalSection(ExtensibilityGlobals) = postSolution
		SolutionGuid = {0275DB1C-71F6-401A-8CE2-5E25D4DFC753}
	EndGlobalSection
EndGlobal
