
Microsoft Visual Studio Solution File, Format Version 12.00
# Visual Studio Version 17
VisualStudioVersion = 17.13.35828.75
MinimumVisualStudioVersion = 10.0.40219.1
Project("{8BC9CEB8-8B4A-11D0-8D11-00A0C91BC942}") = "Final_Practice", "Final_Practice\Final_Practice.vcxproj", "{34549306-5F85-411D-A9ED-4F1A0D18AB5D}"
EndProject
Project("{8BC9CEB8-8B4A-11D0-8D11-00A0C91BC942}") = "W09_Heap", "W09_Heap\W09_Heap.vcxproj", "{C8996AD1-4212-48ED-BF37-20EAFB4025DF}"
EndProject
Project("{8BC9CEB8-8B4A-11D0-8D11-00A0C91BC942}") = "W09_HeapSort", "W09_HeapSort\W09_HeapSort.vcxproj", "{389A9896-2627-4CBF-A851-74B107ABAE5C}"
EndProject
Project("{8BC9CEB8-8B4A-11D0-8D11-00A0C91BC942}") = "W09_HuffmanCode", "W09_HuffmanCode\W09_HuffmanCode.vcxproj", "{F9169359-BD20-42E3-BFEE-FB9BD05B4157}"
EndProject
Project("{8BC9CEB8-8B4A-11D0-8D11-00A0C91BC942}") = "W10_Graph_Matrix", "W10_Graph_Matrix\W10_Graph_Matrix.vcxproj", "{04421375-AC81-4AD1-8612-939F713C75E6}"
EndProject
Project("{8BC9CEB8-8B4A-11D0-8D11-00A0C91BC942}") = "W10_Graph_List", "W10_Graph_List\W10_Graph_List.vcxproj", "{ABADF3CD-41E9-4221-8B56-372C30CE8018}"
EndProject
Project("{8BC9CEB8-8B4A-11D0-8D11-00A0C91BC942}") = "W10_DFS_Matrix", "W10_DFS_Matrix\W10_DFS_Matrix.vcxproj", "{A9934289-23B6-4F0C-A494-16594FCA46C1}"
EndProject
Project("{8BC9CEB8-8B4A-11D0-8D11-00A0C91BC942}") = "W10_DFS_List", "W10_DFS_List\W10_DFS_List.vcxproj", "{DC13D18A-59FF-4B99-9D6D-16FB8D92C5AF}"
EndProject
Project("{8BC9CEB8-8B4A-11D0-8D11-00A0C91BC942}") = "W10_DFS_Iterative", "W10_DFS_Iterative\W10_DFS_Iterative.vcxproj", "{EA9126A0-DD6B-410F-81D7-C8C7ECF14ED7}"
EndProject
Global
	GlobalSection(SolutionConfigurationPlatforms) = preSolution
		Debug|x64 = Debug|x64
		Debug|x86 = Debug|x86
		Release|x64 = Release|x64
		Release|x86 = Release|x86
	EndGlobalSection
	GlobalSection(ProjectConfigurationPlatforms) = postSolution
		{34549306-5F85-411D-A9ED-4F1A0D18AB5D}.Debug|x64.ActiveCfg = Debug|x64
		{34549306-5F85-411D-A9ED-4F1A0D18AB5D}.Debug|x64.Build.0 = Debug|x64
		{34549306-5F85-411D-A9ED-4F1A0D18AB5D}.Debug|x86.ActiveCfg = Debug|Win32
		{34549306-5F85-411D-A9ED-4F1A0D18AB5D}.Debug|x86.Build.0 = Debug|Win32
		{34549306-5F85-411D-A9ED-4F1A0D18AB5D}.Release|x64.ActiveCfg = Release|x64
		{34549306-5F85-411D-A9ED-4F1A0D18AB5D}.Release|x64.Build.0 = Release|x64
		{34549306-5F85-411D-A9ED-4F1A0D18AB5D}.Release|x86.ActiveCfg = Release|Win32
		{34549306-5F85-411D-A9ED-4F1A0D18AB5D}.Release|x86.Build.0 = Release|Win32
		{C8996AD1-4212-48ED-BF37-20EAFB4025DF}.Debug|x64.ActiveCfg = Debug|x64
		{C8996AD1-4212-48ED-BF37-20EAFB4025DF}.Debug|x64.Build.0 = Debug|x64
		{C8996AD1-4212-48ED-BF37-20EAFB4025DF}.Debug|x86.ActiveCfg = Debug|Win32
		{C8996AD1-4212-48ED-BF37-20EAFB4025DF}.Debug|x86.Build.0 = Debug|Win32
		{C8996AD1-4212-48ED-BF37-20EAFB4025DF}.Release|x64.ActiveCfg = Release|x64
		{C8996AD1-4212-48ED-BF37-20EAFB4025DF}.Release|x64.Build.0 = Release|x64
		{C8996AD1-4212-48ED-BF37-20EAFB4025DF}.Release|x86.ActiveCfg = Release|Win32
		{C8996AD1-4212-48ED-BF37-20EAFB4025DF}.Release|x86.Build.0 = Release|Win32
		{389A9896-2627-4CBF-A851-74B107ABAE5C}.Debug|x64.ActiveCfg = Debug|x64
		{389A9896-2627-4CBF-A851-74B107ABAE5C}.Debug|x64.Build.0 = Debug|x64
		{389A9896-2627-4CBF-A851-74B107ABAE5C}.Debug|x86.ActiveCfg = Debug|Win32
		{389A9896-2627-4CBF-A851-74B107ABAE5C}.Debug|x86.Build.0 = Debug|Win32
		{389A9896-2627-4CBF-A851-74B107ABAE5C}.Release|x64.ActiveCfg = Release|x64
		{389A9896-2627-4CBF-A851-74B107ABAE5C}.Release|x64.Build.0 = Release|x64
		{389A9896-2627-4CBF-A851-74B107ABAE5C}.Release|x86.ActiveCfg = Release|Win32
		{389A9896-2627-4CBF-A851-74B107ABAE5C}.Release|x86.Build.0 = Release|Win32
		{F9169359-BD20-42E3-BFEE-FB9BD05B4157}.Debug|x64.ActiveCfg = Debug|x64
		{F9169359-BD20-42E3-BFEE-FB9BD05B4157}.Debug|x64.Build.0 = Debug|x64
		{F9169359-BD20-42E3-BFEE-FB9BD05B4157}.Debug|x86.ActiveCfg = Debug|Win32
		{F9169359-BD20-42E3-BFEE-FB9BD05B4157}.Debug|x86.Build.0 = Debug|Win32
		{F9169359-BD20-42E3-BFEE-FB9BD05B4157}.Release|x64.ActiveCfg = Release|x64
		{F9169359-BD20-42E3-BFEE-FB9BD05B4157}.Release|x64.Build.0 = Release|x64
		{F9169359-BD20-42E3-BFEE-FB9BD05B4157}.Release|x86.ActiveCfg = Release|Win32
		{F9169359-BD20-42E3-BFEE-FB9BD05B4157}.Release|x86.Build.0 = Release|Win32
		{04421375-AC81-4AD1-8612-939F713C75E6}.Debug|x64.ActiveCfg = Debug|x64
		{04421375-AC81-4AD1-8612-939F713C75E6}.Debug|x64.Build.0 = Debug|x64
		{04421375-AC81-4AD1-8612-939F713C75E6}.Debug|x86.ActiveCfg = Debug|Win32
		{04421375-AC81-4AD1-8612-939F713C75E6}.Debug|x86.Build.0 = Debug|Win32
		{04421375-AC81-4AD1-8612-939F713C75E6}.Release|x64.ActiveCfg = Release|x64
		{04421375-AC81-4AD1-8612-939F713C75E6}.Release|x64.Build.0 = Release|x64
		{04421375-AC81-4AD1-8612-939F713C75E6}.Release|x86.ActiveCfg = Release|Win32
		{04421375-AC81-4AD1-8612-939F713C75E6}.Release|x86.Build.0 = Release|Win32
		{ABADF3CD-41E9-4221-8B56-372C30CE8018}.Debug|x64.ActiveCfg = Debug|x64
		{ABADF3CD-41E9-4221-8B56-372C30CE8018}.Debug|x64.Build.0 = Debug|x64
		{ABADF3CD-41E9-4221-8B56-372C30CE8018}.Debug|x86.ActiveCfg = Debug|Win32
		{ABADF3CD-41E9-4221-8B56-372C30CE8018}.Debug|x86.Build.0 = Debug|Win32
		{ABADF3CD-41E9-4221-8B56-372C30CE8018}.Release|x64.ActiveCfg = Release|x64
		{ABADF3CD-41E9-4221-8B56-372C30CE8018}.Release|x64.Build.0 = Release|x64
		{ABADF3CD-41E9-4221-8B56-372C30CE8018}.Release|x86.ActiveCfg = Release|Win32
		{ABADF3CD-41E9-4221-8B56-372C30CE8018}.Release|x86.Build.0 = Release|Win32
		{A9934289-23B6-4F0C-A494-16594FCA46C1}.Debug|x64.ActiveCfg = Debug|x64
		{A9934289-23B6-4F0C-A494-16594FCA46C1}.Debug|x64.Build.0 = Debug|x64
		{A9934289-23B6-4F0C-A494-16594FCA46C1}.Debug|x86.ActiveCfg = Debug|Win32
		{A9934289-23B6-4F0C-A494-16594FCA46C1}.Debug|x86.Build.0 = Debug|Win32
		{A9934289-23B6-4F0C-A494-16594FCA46C1}.Release|x64.ActiveCfg = Release|x64
		{A9934289-23B6-4F0C-A494-16594FCA46C1}.Release|x64.Build.0 = Release|x64
		{A9934289-23B6-4F0C-A494-16594FCA46C1}.Release|x86.ActiveCfg = Release|Win32
		{A9934289-23B6-4F0C-A494-16594FCA46C1}.Release|x86.Build.0 = Release|Win32
		{DC13D18A-59FF-4B99-9D6D-16FB8D92C5AF}.Debug|x64.ActiveCfg = Debug|x64
		{DC13D18A-59FF-4B99-9D6D-16FB8D92C5AF}.Debug|x64.Build.0 = Debug|x64
		{DC13D18A-59FF-4B99-9D6D-16FB8D92C5AF}.Debug|x86.ActiveCfg = Debug|Win32
		{DC13D18A-59FF-4B99-9D6D-16FB8D92C5AF}.Debug|x86.Build.0 = Debug|Win32
		{DC13D18A-59FF-4B99-9D6D-16FB8D92C5AF}.Release|x64.ActiveCfg = Release|x64
		{DC13D18A-59FF-4B99-9D6D-16FB8D92C5AF}.Release|x64.Build.0 = Release|x64
		{DC13D18A-59FF-4B99-9D6D-16FB8D92C5AF}.Release|x86.ActiveCfg = Release|Win32
		{DC13D18A-59FF-4B99-9D6D-16FB8D92C5AF}.Release|x86.Build.0 = Release|Win32
		{EA9126A0-DD6B-410F-81D7-C8C7ECF14ED7}.Debug|x64.ActiveCfg = Debug|x64
		{EA9126A0-DD6B-410F-81D7-C8C7ECF14ED7}.Debug|x64.Build.0 = Debug|x64
		{EA9126A0-DD6B-410F-81D7-C8C7ECF14ED7}.Debug|x86.ActiveCfg = Debug|Win32
		{EA9126A0-DD6B-410F-81D7-C8C7ECF14ED7}.Debug|x86.Build.0 = Debug|Win32
		{EA9126A0-DD6B-410F-81D7-C8C7ECF14ED7}.Release|x64.ActiveCfg = Release|x64
		{EA9126A0-DD6B-410F-81D7-C8C7ECF14ED7}.Release|x64.Build.0 = Release|x64
		{EA9126A0-DD6B-410F-81D7-C8C7ECF14ED7}.Release|x86.ActiveCfg = Release|Win32
		{EA9126A0-DD6B-410F-81D7-C8C7ECF14ED7}.Release|x86.Build.0 = Release|Win32
	EndGlobalSection
	GlobalSection(SolutionProperties) = preSolution
		HideSolutionNode = FALSE
	EndGlobalSection
	GlobalSection(ExtensibilityGlobals) = postSolution
		SolutionGuid = {1F989118-A0C6-4B03-9ACB-497EFCB1E7A2}
	EndGlobalSection
EndGlobal
