
Microsoft Visual Studio Solution File, Format Version 12.00
# Visual Studio Version 17
VisualStudioVersion = 17.13.35828.75 d17.13
MinimumVisualStudioVersion = 10.0.40219.1
Project("{8BC9CEB8-8B4A-11D0-8D11-00A0C91BC942}") = "Final_Test", "Final_Test\Final_Test.vcxproj", "{49824AED-5C6F-4531-8DC4-3D2E0124EC3A}"
EndProject
Project("{8BC9CEB8-8B4A-11D0-8D11-00A0C91BC942}") = "P01", "P01\P01.vcxproj", "{2E6FFA54-77CE-4C8E-B753-F669A6E8FAB3}"
EndProject
Project("{8BC9CEB8-8B4A-11D0-8D11-00A0C91BC942}") = "P02", "P02\P02.vcxproj", "{46DF4CFD-7657-409A-BBC4-5082B600E302}"
EndProject
Project("{8BC9CEB8-8B4A-11D0-8D11-00A0C91BC942}") = "P03", "P03\P03.vcxproj", "{6D5774E3-E0FE-43EA-A80F-D1FD1C1592AF}"
EndProject
Project("{8BC9CEB8-8B4A-11D0-8D11-00A0C91BC942}") = "P04", "P04\P04.vcxproj", "{B484C853-2AC2-4411-A1E5-F1E599454C17}"
EndProject
Project("{8BC9CEB8-8B4A-11D0-8D11-00A0C91BC942}") = "P05", "P05\P05.vcxproj", "{2CF5E606-97E3-46C7-B4A1-85653AB05EE2}"
EndProject
Project("{8BC9CEB8-8B4A-11D0-8D11-00A0C91BC942}") = "P06", "P06\P06.vcxproj", "{86E52C5F-9AA8-4752-94F6-259E9D9C85FB}"
EndProject
Project("{8BC9CEB8-8B4A-11D0-8D11-00A0C91BC942}") = "P07", "P07\P07.vcxproj", "{6A75069A-1563-42DE-9FA6-15317E18F02A}"
EndProject
Global
	GlobalSection(SolutionConfigurationPlatforms) = preSolution
		Debug|x64 = Debug|x64
		Debug|x86 = Debug|x86
		Release|x64 = Release|x64
		Release|x86 = Release|x86
	EndGlobalSection
	GlobalSection(ProjectConfigurationPlatforms) = postSolution
		{49824AED-5C6F-4531-8DC4-3D2E0124EC3A}.Debug|x64.ActiveCfg = Debug|x64
		{49824AED-5C6F-4531-8DC4-3D2E0124EC3A}.Debug|x64.Build.0 = Debug|x64
		{49824AED-5C6F-4531-8DC4-3D2E0124EC3A}.Debug|x86.ActiveCfg = Debug|Win32
		{49824AED-5C6F-4531-8DC4-3D2E0124EC3A}.Debug|x86.Build.0 = Debug|Win32
		{49824AED-5C6F-4531-8DC4-3D2E0124EC3A}.Release|x64.ActiveCfg = Release|x64
		{49824AED-5C6F-4531-8DC4-3D2E0124EC3A}.Release|x64.Build.0 = Release|x64
		{49824AED-5C6F-4531-8DC4-3D2E0124EC3A}.Release|x86.ActiveCfg = Release|Win32
		{49824AED-5C6F-4531-8DC4-3D2E0124EC3A}.Release|x86.Build.0 = Release|Win32
		{2E6FFA54-77CE-4C8E-B753-F669A6E8FAB3}.Debug|x64.ActiveCfg = Debug|x64
		{2E6FFA54-77CE-4C8E-B753-F669A6E8FAB3}.Debug|x64.Build.0 = Debug|x64
		{2E6FFA54-77CE-4C8E-B753-F669A6E8FAB3}.Debug|x86.ActiveCfg = Debug|Win32
		{2E6FFA54-77CE-4C8E-B753-F669A6E8FAB3}.Debug|x86.Build.0 = Debug|Win32
		{2E6FFA54-77CE-4C8E-B753-F669A6E8FAB3}.Release|x64.ActiveCfg = Release|x64
		{2E6FFA54-77CE-4C8E-B753-F669A6E8FAB3}.Release|x64.Build.0 = Release|x64
		{2E6FFA54-77CE-4C8E-B753-F669A6E8FAB3}.Release|x86.ActiveCfg = Release|Win32
		{2E6FFA54-77CE-4C8E-B753-F669A6E8FAB3}.Release|x86.Build.0 = Release|Win32
		{46DF4CFD-7657-409A-BBC4-5082B600E302}.Debug|x64.ActiveCfg = Debug|x64
		{46DF4CFD-7657-409A-BBC4-5082B600E302}.Debug|x64.Build.0 = Debug|x64
		{46DF4CFD-7657-409A-BBC4-5082B600E302}.Debug|x86.ActiveCfg = Debug|Win32
		{46DF4CFD-7657-409A-BBC4-5082B600E302}.Debug|x86.Build.0 = Debug|Win32
		{46DF4CFD-7657-409A-BBC4-5082B600E302}.Release|x64.ActiveCfg = Release|x64
		{46DF4CFD-7657-409A-BBC4-5082B600E302}.Release|x64.Build.0 = Release|x64
		{46DF4CFD-7657-409A-BBC4-5082B600E302}.Release|x86.ActiveCfg = Release|Win32
		{46DF4CFD-7657-409A-BBC4-5082B600E302}.Release|x86.Build.0 = Release|Win32
		{6D5774E3-E0FE-43EA-A80F-D1FD1C1592AF}.Debug|x64.ActiveCfg = Debug|x64
		{6D5774E3-E0FE-43EA-A80F-D1FD1C1592AF}.Debug|x64.Build.0 = Debug|x64
		{6D5774E3-E0FE-43EA-A80F-D1FD1C1592AF}.Debug|x86.ActiveCfg = Debug|Win32
		{6D5774E3-E0FE-43EA-A80F-D1FD1C1592AF}.Debug|x86.Build.0 = Debug|Win32
		{6D5774E3-E0FE-43EA-A80F-D1FD1C1592AF}.Release|x64.ActiveCfg = Release|x64
		{6D5774E3-E0FE-43EA-A80F-D1FD1C1592AF}.Release|x64.Build.0 = Release|x64
		{6D5774E3-E0FE-43EA-A80F-D1FD1C1592AF}.Release|x86.ActiveCfg = Release|Win32
		{6D5774E3-E0FE-43EA-A80F-D1FD1C1592AF}.Release|x86.Build.0 = Release|Win32
		{B484C853-2AC2-4411-A1E5-F1E599454C17}.Debug|x64.ActiveCfg = Debug|x64
		{B484C853-2AC2-4411-A1E5-F1E599454C17}.Debug|x64.Build.0 = Debug|x64
		{B484C853-2AC2-4411-A1E5-F1E599454C17}.Debug|x86.ActiveCfg = Debug|Win32
		{B484C853-2AC2-4411-A1E5-F1E599454C17}.Debug|x86.Build.0 = Debug|Win32
		{B484C853-2AC2-4411-A1E5-F1E599454C17}.Release|x64.ActiveCfg = Release|x64
		{B484C853-2AC2-4411-A1E5-F1E599454C17}.Release|x64.Build.0 = Release|x64
		{B484C853-2AC2-4411-A1E5-F1E599454C17}.Release|x86.ActiveCfg = Release|Win32
		{B484C853-2AC2-4411-A1E5-F1E599454C17}.Release|x86.Build.0 = Release|Win32
		{2CF5E606-97E3-46C7-B4A1-85653AB05EE2}.Debug|x64.ActiveCfg = Debug|x64
		{2CF5E606-97E3-46C7-B4A1-85653AB05EE2}.Debug|x64.Build.0 = Debug|x64
		{2CF5E606-97E3-46C7-B4A1-85653AB05EE2}.Debug|x86.ActiveCfg = Debug|Win32
		{2CF5E606-97E3-46C7-B4A1-85653AB05EE2}.Debug|x86.Build.0 = Debug|Win32
		{2CF5E606-97E3-46C7-B4A1-85653AB05EE2}.Release|x64.ActiveCfg = Release|x64
		{2CF5E606-97E3-46C7-B4A1-85653AB05EE2}.Release|x64.Build.0 = Release|x64
		{2CF5E606-97E3-46C7-B4A1-85653AB05EE2}.Release|x86.ActiveCfg = Release|Win32
		{2CF5E606-97E3-46C7-B4A1-85653AB05EE2}.Release|x86.Build.0 = Release|Win32
		{86E52C5F-9AA8-4752-94F6-259E9D9C85FB}.Debug|x64.ActiveCfg = Debug|x64
		{86E52C5F-9AA8-4752-94F6-259E9D9C85FB}.Debug|x64.Build.0 = Debug|x64
		{86E52C5F-9AA8-4752-94F6-259E9D9C85FB}.Debug|x86.ActiveCfg = Debug|Win32
		{86E52C5F-9AA8-4752-94F6-259E9D9C85FB}.Debug|x86.Build.0 = Debug|Win32
		{86E52C5F-9AA8-4752-94F6-259E9D9C85FB}.Release|x64.ActiveCfg = Release|x64
		{86E52C5F-9AA8-4752-94F6-259E9D9C85FB}.Release|x64.Build.0 = Release|x64
		{86E52C5F-9AA8-4752-94F6-259E9D9C85FB}.Release|x86.ActiveCfg = Release|Win32
		{86E52C5F-9AA8-4752-94F6-259E9D9C85FB}.Release|x86.Build.0 = Release|Win32
		{6A75069A-1563-42DE-9FA6-15317E18F02A}.Debug|x64.ActiveCfg = Debug|x64
		{6A75069A-1563-42DE-9FA6-15317E18F02A}.Debug|x64.Build.0 = Debug|x64
		{6A75069A-1563-42DE-9FA6-15317E18F02A}.Debug|x86.ActiveCfg = Debug|Win32
		{6A75069A-1563-42DE-9FA6-15317E18F02A}.Debug|x86.Build.0 = Debug|Win32
		{6A75069A-1563-42DE-9FA6-15317E18F02A}.Release|x64.ActiveCfg = Release|x64
		{6A75069A-1563-42DE-9FA6-15317E18F02A}.Release|x64.Build.0 = Release|x64
		{6A75069A-1563-42DE-9FA6-15317E18F02A}.Release|x86.ActiveCfg = Release|Win32
		{6A75069A-1563-42DE-9FA6-15317E18F02A}.Release|x86.Build.0 = Release|Win32
	EndGlobalSection
	GlobalSection(SolutionProperties) = preSolution
		HideSolutionNode = FALSE
	EndGlobalSection
	GlobalSection(ExtensibilityGlobals) = postSolution
		SolutionGuid = {7008006A-0766-42C2-ACC3-136E476EB93C}
	EndGlobalSection
EndGlobal
